
Microsoft Visual Studio Solution File, Format Version 12.00
# Visual Studio Version 17
VisualStudioVersion = 17.13.35828.75 d17.13
MinimumVisualStudioVersion = 10.0.40219.1
Project("{FAE04EC0-301F-11D3-BF4B-00C04F79EFBC}") = "McpServer-flight-delay-predictor", "McpServer-flight-delay-predictor.csproj", "{7DBB3C64-4957-82DD-9D00-6ABDB17F1C09}"
EndProject
Global
	GlobalSection(SolutionConfigurationPlatforms) = preSolution
		Debug|Any CPU = Debug|Any CPU
		Release|Any CPU = Release|Any CPU
	EndGlobalSection
	GlobalSection(ProjectConfigurationPlatforms) = postSolution
		{7DBB3C64-4957-82DD-9D00-6ABDB17F1C09}.Debug|Any CPU.ActiveCfg = Debug|Any CPU
		{7DBB3C64-4957-82DD-9D00-6ABDB17F1C09}.Debug|Any CPU.Build.0 = Debug|Any CPU
		{7DBB3C64-4957-82DD-9D00-6ABDB17F1C09}.Release|Any CPU.ActiveCfg = Release|Any CPU
		{7DBB3C64-4957-82DD-9D00-6ABDB17F1C09}.Release|Any CPU.Build.0 = Release|Any CPU
	EndGlobalSection
	GlobalSection(SolutionProperties) = preSolution
		HideSolutionNode = FALSE
	EndGlobalSection
	GlobalSection(ExtensibilityGlobals) = postSolution
		SolutionGuid = {338DC085-AD77-46C0-8968-F6396BE2D75E}
	EndGlobalSection
EndGlobal
